
Microsoft Visual Studio Solution File, Format Version 12.00
# Visual Studio Version 16
VisualStudioVersion = 16.0.31005.135
MinimumVisualStudioVersion = 10.0.40219.1
Project("{FAE04EC0-301F-11D3-BF4B-00C04F79EFBC}") = "DS_Navisworks.v1", "DS_Navisworks2020.v1\DS_Navisworks.v1.csproj", "{12AE8213-C4E7-4D55-911F-F15D688C9E97}"
EndProject
Global
	GlobalSection(SolutionConfigurationPlatforms) = preSolution
		Debug|Any CPU = Debug|Any CPU
		Release|Any CPU = Release|Any CPU
	EndGlobalSection
	GlobalSection(ProjectConfigurationPlatforms) = postSolution
		{12AE8213-C4E7-4D55-911F-F15D688C9E97}.Debug|Any CPU.ActiveCfg = Debug|Any CPU
		{12AE8213-C4E7-4D55-911F-F15D688C9E97}.Debug|Any CPU.Build.0 = Debug|Any CPU
		{12AE8213-C4E7-4D55-911F-F15D688C9E97}.Release|Any CPU.ActiveCfg = Release|Any CPU
		{12AE8213-C4E7-4D55-911F-F15D688C9E97}.Release|Any CPU.Build.0 = Release|Any CPU
	EndGlobalSection
	GlobalSection(SolutionProperties) = preSolution
		HideSolutionNode = FALSE
	EndGlobalSection
	GlobalSection(ExtensibilityGlobals) = postSolution
		SolutionGuid = {26138240-A511-4617-AB45-9D234249B282}
	EndGlobalSection
EndGlobal
